// !$*UTF8*$!
{
	archiveVersion = 1;
	classes = {
	};
	objectVersion = 46;
	objects = {

/* Begin PBXBuildFile section */
		409CB05F1DD076CD001450EC /* AppDelegate.swift in Sources */ = {isa = PBXBuildFile; fileRef = 409CB05E1DD076CD001450EC /* AppDelegate.swift */; };
		409CB0611DD076CD001450EC /* ViewController.swift in Sources */ = {isa = PBXBuildFile; fileRef = 409CB0601DD076CD001450EC /* ViewController.swift */; };
		409CB0641DD076CD001450EC /* Main.storyboard in Resources */ = {isa = PBXBuildFile; fileRef = 409CB0621DD076CD001450EC /* Main.storyboard */; };
		409CB0661DD076CD001450EC /* Assets.xcassets in Resources */ = {isa = PBXBuildFile; fileRef = 409CB0651DD076CD001450EC /* Assets.xcassets */; };
		409CB0691DD076CD001450EC /* LaunchScreen.storyboard in Resources */ = {isa = PBXBuildFile; fileRef = 409CB0671DD076CD001450EC /* LaunchScreen.storyboard */; };
		409CB0711DD076FC001450EC /* README.md in Sources */ = {isa = PBXBuildFile; fileRef = 409CB0701DD076FC001450EC /* README.md */; };
/* End PBXBuildFile section */

/* Begin PBXFileReference section */
		409CB05B1DD076CD001450EC /* iOS-Group4-Project.app */ = {isa = PBXFileReference; explicitFileType = wrapper.application; includeInIndex = 0; path = "iOS-Group4-Project.app"; sourceTree = BUILT_PRODUCTS_DIR; };
		409CB05E1DD076CD001450EC /* AppDelegate.swift */ = {isa = PBXFileReference; lastKnownFileType = sourcecode.swift; path = AppDelegate.swift; sourceTree = "<group>"; };
		409CB0601DD076CD001450EC /* ViewController.swift */ = {isa = PBXFileReference; lastKnownFileType = sourcecode.swift; path = ViewController.swift; sourceTree = "<group>"; };
		409CB0631DD076CD001450EC /* Base */ = {isa = PBXFileReference; lastKnownFileType = file.storyboard; name = Base; path = Base.lproj/Main.storyboard; sourceTree = "<group>"; };
		409CB0651DD076CD001450EC /* Assets.xcassets */ = {isa = PBXFileReference; lastKnownFileType = folder.assetcatalog; path = Assets.xcassets; sourceTree = "<group>"; };
		409CB0681DD076CD001450EC /* Base */ = {isa = PBXFileReference; lastKnownFileType = file.storyboard; name = Base; path = Base.lproj/LaunchScreen.storyboard; sourceTree = "<group>"; };
		409CB06A1DD076CD001450EC /* Info.plist */ = {isa = PBXFileReference; lastKnownFileType = text.plist.xml; path = Info.plist; sourceTree = "<group>"; };
		409CB0701DD076FC001450EC /* README.md */ = {isa = PBXFileReference; fileEncoding = 4; lastKnownFileType = net.daringfireball.markdown; path = README.md; sourceTree = "<group>"; };
/* End PBXFileReference section */

/* Begin PBXFrameworksBuildPhase section */
		409CB0581DD076CD001450EC /* Frameworks */ = {
			isa = PBXFrameworksBuildPhase;
			buildActionMask = 2147483647;
			files = (
			);
			runOnlyForDeploymentPostprocessing = 0;
		};
/* End PBXFrameworksBuildPhase section */

/* Begin PBXGroup section */
		409CB0521DD076CD001450EC = {
			isa = PBXGroup;
			children = (
				409CB0701DD076FC001450EC /* README.md */,
				409CB05D1DD076CD001450EC /* iOS-Group4-Project */,
				409CB05C1DD076CD001450EC /* Products */,
			);
			sourceTree = "<group>";
		};
		409CB05C1DD076CD001450EC /* Products */ = {
			isa = PBXGroup;
			children = (
				409CB05B1DD076CD001450EC /* iOS-Group4-Project.app */,
			);
			name = Products;
			sourceTree = "<group>";
		};
		409CB05D1DD076CD001450EC /* iOS-Group4-Project */ = {
			isa = PBXGroup;
			children = (
				409CB05E1DD076CD001450EC /* AppDelegate.swift */,
				409CB0601DD076CD001450EC /* ViewController.swift */,
				409CB0621DD076CD001450EC /* Main.storyboard */,
				409CB0651DD076CD001450EC /* Assets.xcassets */,
				409CB0671DD076CD001450EC /* LaunchScreen.storyboard */,
				409CB06A1DD076CD001450EC /* Info.plist */,
			);
			path = "iOS-Group4-Project";
			sourceTree = "<group>";
		};
/* End PBXGroup section */

/* Begin PBXNativeTarget section */
		409CB05A1DD076CD001450EC /* iOS-Group4-Project */ = {
			isa = PBXNativeTarget;
			buildConfigurationList = 409CB06D1DD076CD001450EC /* Build configuration list for PBXNativeTarget "iOS-Group4-Project" */;
			buildPhases = (
				409CB0571DD076CD001450EC /* Sources */,
				409CB0581DD076CD001450EC /* Frameworks */,
				409CB0591DD076CD001450EC /* Resources */,
			);
			buildRules = (
			);
			dependencies = (
			);
			name = "iOS-Group4-Project";
			productName = "iOS-Group4-Project";
			productReference = 409CB05B1DD076CD001450EC /* iOS-Group4-Project.app */;
			productType = "com.apple.product-type.application";
		};
/* End PBXNativeTarget section */

/* Begin PBXProject section */
		409CB0531DD076CD001450EC /* Project object */ = {
			isa = PBXProject;
			attributes = {
				LastSwiftUpdateCheck = 0800;
				LastUpgradeCheck = 0800;
				ORGANIZATIONNAME = "Van Do";
				TargetAttributes = {
					409CB05A1DD076CD001450EC = {
						CreatedOnToolsVersion = 8.0;
						ProvisioningStyle = Automatic;
					};
				};
			};
			buildConfigurationList = 409CB0561DD076CD001450EC /* Build configuration list for PBXProject "iOS-Group4-Project" */;
			compatibilityVersion = "Xcode 3.2";
			developmentRegion = English;
			hasScannedForEncodings = 0;
			knownRegions = (
				en,
				Base,
			);
			mainGroup = 409CB0521DD076CD001450EC;
			productRefGroup = 409CB05C1DD076CD001450EC /* Products */;
			projectDirPath = "";
			projectRoot = "";
			targets = (
				409CB05A1DD076CD001450EC /* iOS-Group4-Project */,
			);
		};
/* End PBXProject section */

/* Begin PBXResourcesBuildPhase section */
		409CB0591DD076CD001450EC /* Resources */ = {
			isa = PBXResourcesBuildPhase;
			buildActionMask = 2147483647;
			files = (
				409CB0691DD076CD001450EC /* LaunchScreen.storyboard in Resources */,
				409CB0661DD076CD001450EC /* Assets.xcassets in Resources */,
				409CB0641DD076CD001450EC /* Main.storyboard in Resources */,
			);
			runOnlyForDeploymentPostprocessing = 0;
		};
/* End PBXResourcesBuildPhase section */

/* Begin PBXSourcesBuildPhase section */
		409CB0571DD076CD001450EC /* Sources */ = {
			isa = PBXSourcesBuildPhase;
			buildActionMask = 2147483647;
			files = (
				409CB0711DD076FC001450EC /* README.md in Sources */,
				409CB0611DD076CD001450EC /* ViewController.swift in Sources */,
				409CB05F1DD076CD001450EC /* AppDelegate.swift in Sources */,
			);
			runOnlyForDeploymentPostprocessing = 0;
		};
/* End PBXSourcesBuildPhase section */

/* Begin PBXVariantGroup section */
		409CB0621DD076CD001450EC /* Main.storyboard */ = {
			isa = PBXVariantGroup;
			children = (
				409CB0631DD076CD001450EC /* Base */,
			);
			name = Main.storyboard;
			sourceTree = "<group>";
		};
		409CB0671DD076CD001450EC /* LaunchScreen.storyboard */ = {
			isa = PBXVariantGroup;
			children = (
				409CB0681DD076CD001450EC /* Base */,
			);
			name = LaunchScreen.storyboard;
			sourceTree = "<group>";
		};
/* End PBXVariantGroup section */

/* Begin XCBuildConfiguration section */
		409CB06B1DD076CD001450EC /* Debug */ = {
			isa = XCBuildConfiguration;
			buildSettings = {
				ALWAYS_SEARCH_USER_PATHS = NO;
				CLANG_ANALYZER_NONNULL = YES;
				CLANG_CXX_LANGUAGE_STANDARD = "gnu++0x";
				CLANG_CXX_LIBRARY = "libc++";
				CLANG_ENABLE_MODULES = YES;
				CLANG_ENABLE_OBJC_ARC = YES;
				CLANG_WARN_BOOL_CONVERSION = YES;
				CLANG_WARN_CONSTANT_CONVERSION = YES;
				CLANG_WARN_DIRECT_OBJC_ISA_USAGE = YES_ERROR;
				CLANG_WARN_DOCUMENTATION_COMMENTS = YES;
				CLANG_WARN_EMPTY_BODY = YES;
				CLANG_WARN_ENUM_CONVERSION = YES;
				CLANG_WARN_INFINITE_RECURSION = YES;
				CLANG_WARN_INT_CONVERSION = YES;
				CLANG_WARN_OBJC_ROOT_CLASS = YES_ERROR;
				CLANG_WARN_SUSPICIOUS_MOVES = YES;
				CLANG_WARN_UNREACHABLE_CODE = YES;
				CLANG_WARN__DUPLICATE_METHOD_MATCH = YES;
				"CODE_SIGN_IDENTITY[sdk=iphoneos*]" = "iPhone Developer";
				COPY_PHASE_STRIP = NO;
				DEBUG_INFORMATION_FORMAT = dwarf;
				ENABLE_STRICT_OBJC_MSGSEND = YES;
				ENABLE_TESTABILITY = YES;
				GCC_C_LANGUAGE_STANDARD = gnu99;
				GCC_DYNAMIC_NO_PIC = NO;
				GCC_NO_COMMON_BLOCKS = YES;
				GCC_OPTIMIZATION_LEVEL = 0;
				GCC_PREPROCESSOR_DEFINITIONS = (
					"DEBUG=1",
					"$(inherited)",
				);
				GCC_WARN_64_TO_32_BIT_CONVERSION = YES;
				GCC_WARN_ABOUT_RETURN_TYPE = YES_ERROR;
				GCC_WARN_UNDECLARED_SELECTOR = YES;
				GCC_WARN_UNINITIALIZED_AUTOS = YES_AGGRESSIVE;
				GCC_WARN_UNUSED_FUNCTION = YES;
				GCC_WARN_UNUSED_VARIABLE = YES;
				IPHONEOS_DEPLOYMENT_TARGET = 10.0;
				MTL_ENABLE_DEBUG_INFO = YES;
				ONLY_ACTIVE_ARCH = YES;
				SDKROOT = iphoneos;
				SWIFT_ACTIVE_COMPILATION_CONDITIONS = DEBUG;
				SWIFT_OPTIMIZATION_LEVEL = "-Onone";
			};
			name = Debug;
		};
		409CB06C1DD076CD001450EC /* Release */ = {
			isa = XCBuildConfiguration;
			buildSettings = {
				ALWAYS_SEARCH_USER_PATHS = NO;
				CLANG_ANALYZER_NONNULL = YES;
				CLANG_CXX_LANGUAGE_STANDARD = "gnu++0x";
				CLANG_CXX_LIBRARY = "libc++";
				CLANG_ENABLE_MODULES = YES;
				CLANG_ENABLE_OBJC_ARC = YES;
				CLANG_WARN_BOOL_CONVERSION = YES;
				CLANG_WARN_CONSTANT_CONVERSION = YES;
				CLANG_WARN_DIRECT_OBJC_ISA_USAGE = YES_ERROR;
				CLANG_WARN_DOCUMENTATION_COMMENTS = YES;
				CLANG_WARN_EMPTY_BODY = YES;
				CLANG_WARN_ENUM_CONVERSION = YES;
				CLANG_WARN_INFINITE_RECURSION = YES;
				CLANG_WARN_INT_CONVERSION = YES;
				CLANG_WARN_OBJC_ROOT_CLASS = YES_ERROR;
				CLANG_WARN_SUSPICIOUS_MOVES = YES;
				CLANG_WARN_UNREACHABLE_CODE = YES;
				CLANG_WARN__DUPLICATE_METHOD_MATCH = YES;
				"CODE_SIGN_IDENTITY[sdk=iphoneos*]" = "iPhone Developer";
				COPY_PHASE_STRIP = NO;
				DEBUG_INFORMATION_FORMAT = "dwarf-with-dsym";
				ENABLE_NS_ASSERTIONS = NO;
				ENABLE_STRICT_OBJC_MSGSEND = YES;
				GCC_C_LANGUAGE_STANDARD = gnu99;
				GCC_NO_COMMON_BLOCKS = YES;
				GCC_WARN_64_TO_32_BIT_CONVERSION = YES;
				GCC_WARN_ABOUT_RETURN_TYPE = YES_ERROR;
				GCC_WARN_UNDECLARED_SELECTOR = YES;
				GCC_WARN_UNINITIALIZED_AUTOS = YES_AGGRESSIVE;
				GCC_WARN_UNUSED_FUNCTION = YES;
				GCC_WARN_UNUSED_VARIABLE = YES;
				IPHONEOS_DEPLOYMENT_TARGET = 10.0;
				MTL_ENABLE_DEBUG_INFO = NO;
				SDKROOT = iphoneos;
				SWIFT_OPTIMIZATION_LEVEL = "-Owholemodule";
				VALIDATE_PRODUCT = YES;
			};
			name = Release;
		};
		409CB06E1DD076CD001450EC /* Debug */ = {
			isa = XCBuildConfiguration;
			buildSettings = {
				ASSETCATALOG_COMPILER_APPICON_NAME = AppIcon;
				INFOPLIST_FILE = "iOS-Group4-Project/Info.plist";
				LD_RUNPATH_SEARCH_PATHS = "$(inherited) @executable_path/Frameworks";
				PRODUCT_BUNDLE_IDENTIFIER = "vandh.iOS-Group4-Project";
				PRODUCT_NAME = "$(TARGET_NAME)";
				SWIFT_VERSION = 3.0;
			};
			name = Debug;
		};
		409CB06F1DD076CD001450EC /* Release */ = {
			isa = XCBuildConfiguration;
			buildSettings = {
				ASSETCATALOG_COMPILER_APPICON_NAME = AppIcon;
				INFOPLIST_FILE = "iOS-Group4-Project/Info.plist";
				LD_RUNPATH_SEARCH_PATHS = "$(inherited) @executable_path/Frameworks";
				PRODUCT_BUNDLE_IDENTIFIER = "vandh.iOS-Group4-Project";
				PRODUCT_NAME = "$(TARGET_NAME)";
				SWIFT_VERSION = 3.0;
			};
			name = Release;
		};
/* End XCBuildConfiguration section */

/* Begin XCConfigurationList section */
		409CB0561DD076CD001450EC /* Build configuration list for PBXProject "iOS-Group4-Project" */ = {
			isa = XCConfigurationList;
			buildConfigurations = (
				409CB06B1DD076CD001450EC /* Debug */,
				409CB06C1DD076CD001450EC /* Release */,
			);
			defaultConfigurationIsVisible = 0;
			defaultConfigurationName = Release;
		};
		409CB06D1DD076CD001450EC /* Build configuration list for PBXNativeTarget "iOS-Group4-Project" */ = {
			isa = XCConfigurationList;
			buildConfigurations = (
				409CB06E1DD076CD001450EC /* Debug */,
				409CB06F1DD076CD001450EC /* Release */,
			);
			defaultConfigurationIsVisible = 0;
		};
/* End XCConfigurationList section */
	};
	rootObject = 409CB0531DD076CD001450EC /* Project object */;
}
