// !$*UTF8*$!
{
	archiveVersion = 1;
	classes = {
	};
	objectVersion = 46;
	objects = {

/* Begin PBXBuildFile section */
		3B0147B81DE1F18C006383DD /* Icons.xcassets in Resources */ = {isa = PBXBuildFile; fileRef = 3B0147B71DE1F18C006383DD /* Icons.xcassets */; };
		3B2905851DD8587800F8BC53 /* Report.storyboard in Resources */ = {isa = PBXBuildFile; fileRef = 3B2905841DD8587800F8BC53 /* Report.storyboard */; };
		3B2905871DD8588500F8BC53 /* Setting.storyboard in Resources */ = {isa = PBXBuildFile; fileRef = 3B2905861DD8588500F8BC53 /* Setting.storyboard */; };
		3B46D9D91DE18AD0003DBCAE /* TransactionCell.swift in Sources */ = {isa = PBXBuildFile; fileRef = 3B46D9D81DE18AD0003DBCAE /* TransactionCell.swift */; };
		3B46D9DB1DE18B46003DBCAE /* AddTransactionViewController.swift in Sources */ = {isa = PBXBuildFile; fileRef = 3B46D9DA1DE18B46003DBCAE /* AddTransactionViewController.swift */; };
		3B46D9DD1DE18E4F003DBCAE /* TransactionExpandCell.swift in Sources */ = {isa = PBXBuildFile; fileRef = 3B46D9DC1DE18E4F003DBCAE /* TransactionExpandCell.swift */; };
		3B46E0BD1DDC82AB00EB6A82 /* GoogleService-Info.plist in Resources */ = {isa = PBXBuildFile; fileRef = 3B46E0BC1DDC82AB00EB6A82 /* GoogleService-Info.plist */; };
		3B46E0C01DDC891700EB6A82 /* Summary.storyboard in Resources */ = {isa = PBXBuildFile; fileRef = 3B46E0BF1DDC891700EB6A82 /* Summary.storyboard */; };
		40153F451DDC563A0033D5BA /* Transaction.swift in Sources */ = {isa = PBXBuildFile; fileRef = 40153F441DDC563A0033D5BA /* Transaction.swift */; };
		40153F471DDC56450033D5BA /* User.swift in Sources */ = {isa = PBXBuildFile; fileRef = 40153F461DDC56450033D5BA /* User.swift */; };
		40153F491DDC565D0033D5BA /* Category.swift in Sources */ = {isa = PBXBuildFile; fileRef = 40153F481DDC565D0033D5BA /* Category.swift */; };
		40153F4B1DDC614C0033D5BA /* AuthTypeEnum.swift in Sources */ = {isa = PBXBuildFile; fileRef = 40153F4A1DDC614C0033D5BA /* AuthTypeEnum.swift */; };
		409CB05F1DD076CD001450EC /* AppDelegate.swift in Sources */ = {isa = PBXBuildFile; fileRef = 409CB05E1DD076CD001450EC /* AppDelegate.swift */; };
		409CB0611DD076CD001450EC /* LoginViewController.swift in Sources */ = {isa = PBXBuildFile; fileRef = 409CB0601DD076CD001450EC /* LoginViewController.swift */; };
		409CB0641DD076CD001450EC /* Main.storyboard in Resources */ = {isa = PBXBuildFile; fileRef = 409CB0621DD076CD001450EC /* Main.storyboard */; };
		409CB0661DD076CD001450EC /* Assets.xcassets in Resources */ = {isa = PBXBuildFile; fileRef = 409CB0651DD076CD001450EC /* Assets.xcassets */; };
		409CB0691DD076CD001450EC /* LaunchScreen.storyboard in Resources */ = {isa = PBXBuildFile; fileRef = 409CB0671DD076CD001450EC /* LaunchScreen.storyboard */; };
		409CB0711DD076FC001450EC /* README.md in Sources */ = {isa = PBXBuildFile; fileRef = 409CB0701DD076FC001450EC /* README.md */; };
		F6792A5FA9F893F7FC25F765 /* Pods_iOS_Group4_Project.framework in Frameworks */ = {isa = PBXBuildFile; fileRef = 6539F060A6B06E26B4DF9F63 /* Pods_iOS_Group4_Project.framework */; };
/* End PBXBuildFile section */

/* Begin PBXFileReference section */
		1580A7DF585C8B96DF34A71A /* Pods-iOS-Group4-Project.debug.xcconfig */ = {isa = PBXFileReference; includeInIndex = 1; lastKnownFileType = text.xcconfig; name = "Pods-iOS-Group4-Project.debug.xcconfig"; path = "Pods/Target Support Files/Pods-iOS-Group4-Project/Pods-iOS-Group4-Project.debug.xcconfig"; sourceTree = "<group>"; };
		3B0147B71DE1F18C006383DD /* Icons.xcassets */ = {isa = PBXFileReference; lastKnownFileType = folder.assetcatalog; path = Icons.xcassets; sourceTree = "<group>"; };
		3B2905841DD8587800F8BC53 /* Report.storyboard */ = {isa = PBXFileReference; fileEncoding = 4; lastKnownFileType = file.storyboard; path = Report.storyboard; sourceTree = "<group>"; };
		3B2905861DD8588500F8BC53 /* Setting.storyboard */ = {isa = PBXFileReference; fileEncoding = 4; lastKnownFileType = file.storyboard; path = Setting.storyboard; sourceTree = "<group>"; };
		3B46D9D81DE18AD0003DBCAE /* TransactionCell.swift */ = {isa = PBXFileReference; fileEncoding = 4; lastKnownFileType = sourcecode.swift; name = TransactionCell.swift; path = Views/TransactionCell.swift; sourceTree = "<group>"; };
		3B46D9DA1DE18B46003DBCAE /* AddTransactionViewController.swift */ = {isa = PBXFileReference; fileEncoding = 4; lastKnownFileType = sourcecode.swift; path = AddTransactionViewController.swift; sourceTree = "<group>"; };
		3B46D9DC1DE18E4F003DBCAE /* TransactionExpandCell.swift */ = {isa = PBXFileReference; fileEncoding = 4; lastKnownFileType = sourcecode.swift; name = TransactionExpandCell.swift; path = Views/TransactionExpandCell.swift; sourceTree = "<group>"; };
		3B46E0BC1DDC82AB00EB6A82 /* GoogleService-Info.plist */ = {isa = PBXFileReference; fileEncoding = 4; lastKnownFileType = text.plist.xml; name = "GoogleService-Info.plist"; path = "../GoogleService-Info.plist"; sourceTree = "<group>"; };
		3B46E0BE1DDC838700EB6A82 /* iOS-Group4-Project.entitlements */ = {isa = PBXFileReference; lastKnownFileType = text.plist.entitlements; path = "iOS-Group4-Project.entitlements"; sourceTree = "<group>"; };
		3B46E0BF1DDC891700EB6A82 /* Summary.storyboard */ = {isa = PBXFileReference; fileEncoding = 4; lastKnownFileType = file.storyboard; path = Summary.storyboard; sourceTree = "<group>"; };
		40153F441DDC563A0033D5BA /* Transaction.swift */ = {isa = PBXFileReference; fileEncoding = 4; lastKnownFileType = sourcecode.swift; path = Transaction.swift; sourceTree = "<group>"; };
		40153F461DDC56450033D5BA /* User.swift */ = {isa = PBXFileReference; fileEncoding = 4; lastKnownFileType = sourcecode.swift; path = User.swift; sourceTree = "<group>"; };
		40153F481DDC565D0033D5BA /* Category.swift */ = {isa = PBXFileReference; fileEncoding = 4; lastKnownFileType = sourcecode.swift; path = Category.swift; sourceTree = "<group>"; };
		40153F4A1DDC614C0033D5BA /* AuthTypeEnum.swift */ = {isa = PBXFileReference; fileEncoding = 4; lastKnownFileType = sourcecode.swift; path = AuthTypeEnum.swift; sourceTree = "<group>"; };
		409CB05B1DD076CD001450EC /* iOS-Group4-Project.app */ = {isa = PBXFileReference; explicitFileType = wrapper.application; includeInIndex = 0; path = "iOS-Group4-Project.app"; sourceTree = BUILT_PRODUCTS_DIR; };
		409CB05E1DD076CD001450EC /* AppDelegate.swift */ = {isa = PBXFileReference; lastKnownFileType = sourcecode.swift; path = AppDelegate.swift; sourceTree = "<group>"; };
		409CB0601DD076CD001450EC /* LoginViewController.swift */ = {isa = PBXFileReference; lastKnownFileType = sourcecode.swift; path = LoginViewController.swift; sourceTree = "<group>"; };
		409CB0631DD076CD001450EC /* Base */ = {isa = PBXFileReference; lastKnownFileType = file.storyboard; name = Base; path = Base.lproj/Main.storyboard; sourceTree = "<group>"; };
		409CB0651DD076CD001450EC /* Assets.xcassets */ = {isa = PBXFileReference; lastKnownFileType = folder.assetcatalog; path = Assets.xcassets; sourceTree = "<group>"; };
		409CB0681DD076CD001450EC /* Base */ = {isa = PBXFileReference; lastKnownFileType = file.storyboard; name = Base; path = Base.lproj/LaunchScreen.storyboard; sourceTree = "<group>"; };
		409CB06A1DD076CD001450EC /* Info.plist */ = {isa = PBXFileReference; lastKnownFileType = text.plist.xml; path = Info.plist; sourceTree = "<group>"; };
		409CB0701DD076FC001450EC /* README.md */ = {isa = PBXFileReference; fileEncoding = 4; lastKnownFileType = net.daringfireball.markdown; path = README.md; sourceTree = "<group>"; };
		6539F060A6B06E26B4DF9F63 /* Pods_iOS_Group4_Project.framework */ = {isa = PBXFileReference; explicitFileType = wrapper.framework; includeInIndex = 0; path = Pods_iOS_Group4_Project.framework; sourceTree = BUILT_PRODUCTS_DIR; };
		B7DFE1F32B26A09991CCB56A /* Pods-iOS-Group4-Project.release.xcconfig */ = {isa = PBXFileReference; includeInIndex = 1; lastKnownFileType = text.xcconfig; name = "Pods-iOS-Group4-Project.release.xcconfig"; path = "Pods/Target Support Files/Pods-iOS-Group4-Project/Pods-iOS-Group4-Project.release.xcconfig"; sourceTree = "<group>"; };
/* End PBXFileReference section */

/* Begin PBXFrameworksBuildPhase section */
		409CB0581DD076CD001450EC /* Frameworks */ = {
			isa = PBXFrameworksBuildPhase;
			buildActionMask = 2147483647;
			files = (
				F6792A5FA9F893F7FC25F765 /* Pods_iOS_Group4_Project.framework in Frameworks */,
			);
			runOnlyForDeploymentPostprocessing = 0;
		};
/* End PBXFrameworksBuildPhase section */

/* Begin PBXGroup section */
		3B46D9D71DE18AAD003DBCAE /* Views */ = {
			isa = PBXGroup;
			children = (
				3B46D9D81DE18AD0003DBCAE /* TransactionCell.swift */,
				3B46D9DC1DE18E4F003DBCAE /* TransactionExpandCell.swift */,
			);
			name = Views;
			sourceTree = "<group>";
		};
		40153F411DDC54950033D5BA /* Firebase */ = {
			isa = PBXGroup;
			children = (
			);
			name = Firebase;
			sourceTree = "<group>";
		};
		40153F421DDC55E20033D5BA /* Models */ = {
			isa = PBXGroup;
			children = (
				40153F441DDC563A0033D5BA /* Transaction.swift */,
				40153F461DDC56450033D5BA /* User.swift */,
				40153F481DDC565D0033D5BA /* Category.swift */,
				40153F4A1DDC614C0033D5BA /* AuthTypeEnum.swift */,
			);
			name = Models;
			sourceTree = "<group>";
		};
		40153F431DDC56190033D5BA /* Helpers */ = {
			isa = PBXGroup;
			children = (
			);
			name = Helpers;
			sourceTree = "<group>";
		};
		409CB0521DD076CD001450EC = {
			isa = PBXGroup;
			children = (
				409CB0701DD076FC001450EC /* README.md */,
				409CB05D1DD076CD001450EC /* iOS-Group4-Project */,
				409CB05C1DD076CD001450EC /* Products */,
				D4440955A5384289D74A0F47 /* Pods */,
				4CFDB025D9E470E5806719CB /* Frameworks */,
			);
			sourceTree = "<group>";
		};
		409CB05C1DD076CD001450EC /* Products */ = {
			isa = PBXGroup;
			children = (
				409CB05B1DD076CD001450EC /* iOS-Group4-Project.app */,
			);
			name = Products;
			sourceTree = "<group>";
		};
		409CB05D1DD076CD001450EC /* iOS-Group4-Project */ = {
			isa = PBXGroup;
			children = (
				3B46D9D71DE18AAD003DBCAE /* Views */,
				3B46E0BE1DDC838700EB6A82 /* iOS-Group4-Project.entitlements */,
				40153F431DDC56190033D5BA /* Helpers */,
				40153F421DDC55E20033D5BA /* Models */,
				40153F411DDC54950033D5BA /* Firebase */,
				409CB05E1DD076CD001450EC /* AppDelegate.swift */,
				409CB0601DD076CD001450EC /* LoginViewController.swift */,
				409CB0621DD076CD001450EC /* Main.storyboard */,
				3B46E0BF1DDC891700EB6A82 /* Summary.storyboard */,
				409CB0651DD076CD001450EC /* Assets.xcassets */,
				409CB0671DD076CD001450EC /* LaunchScreen.storyboard */,
				409CB06A1DD076CD001450EC /* Info.plist */,
				3B2905841DD8587800F8BC53 /* Report.storyboard */,
				3B2905861DD8588500F8BC53 /* Setting.storyboard */,
				3B46E0BC1DDC82AB00EB6A82 /* GoogleService-Info.plist */,
				3B46D9DA1DE18B46003DBCAE /* AddTransactionViewController.swift */,
				3B0147B71DE1F18C006383DD /* Icons.xcassets */,
			);
			path = "iOS-Group4-Project";
			sourceTree = "<group>";
		};
		4CFDB025D9E470E5806719CB /* Frameworks */ = {
			isa = PBXGroup;
			children = (
				6539F060A6B06E26B4DF9F63 /* Pods_iOS_Group4_Project.framework */,
			);
			name = Frameworks;
			sourceTree = "<group>";
		};
		D4440955A5384289D74A0F47 /* Pods */ = {
			isa = PBXGroup;
			children = (
				1580A7DF585C8B96DF34A71A /* Pods-iOS-Group4-Project.debug.xcconfig */,
				B7DFE1F32B26A09991CCB56A /* Pods-iOS-Group4-Project.release.xcconfig */,
			);
			name = Pods;
			sourceTree = "<group>";
		};
/* End PBXGroup section */

/* Begin PBXNativeTarget section */
		409CB05A1DD076CD001450EC /* iOS-Group4-Project */ = {
			isa = PBXNativeTarget;
			buildConfigurationList = 409CB06D1DD076CD001450EC /* Build configuration list for PBXNativeTarget "iOS-Group4-Project" */;
			buildPhases = (
				7FC85551E42E3B489BD13BD6 /* [CP] Check Pods Manifest.lock */,
				409CB0571DD076CD001450EC /* Sources */,
				409CB0581DD076CD001450EC /* Frameworks */,
				409CB0591DD076CD001450EC /* Resources */,
				629CBD52056DF3736F0D3CF0 /* [CP] Embed Pods Frameworks */,
				D3C30BFA29E0409F9BE539A1 /* [CP] Copy Pods Resources */,
			);
			buildRules = (
			);
			dependencies = (
			);
			name = "iOS-Group4-Project";
			productName = "iOS-Group4-Project";
			productReference = 409CB05B1DD076CD001450EC /* iOS-Group4-Project.app */;
			productType = "com.apple.product-type.application";
		};
/* End PBXNativeTarget section */

/* Begin PBXProject section */
		409CB0531DD076CD001450EC /* Project object */ = {
			isa = PBXProject;
			attributes = {
				LastSwiftUpdateCheck = 0800;
				LastUpgradeCheck = 0800;
				ORGANIZATIONNAME = "Van Do";
				TargetAttributes = {
					409CB05A1DD076CD001450EC = {
						CreatedOnToolsVersion = 8.0;
						DevelopmentTeam = 3T8LL4VJ83;
						ProvisioningStyle = Automatic;
						SystemCapabilities = {
							com.apple.Keychain = {
								enabled = 1;
							};
						};
					};
				};
			};
			buildConfigurationList = 409CB0561DD076CD001450EC /* Build configuration list for PBXProject "iOS-Group4-Project" */;
			compatibilityVersion = "Xcode 3.2";
			developmentRegion = English;
			hasScannedForEncodings = 0;
			knownRegions = (
				en,
				Base,
			);
			mainGroup = 409CB0521DD076CD001450EC;
			productRefGroup = 409CB05C1DD076CD001450EC /* Products */;
			projectDirPath = "";
			projectRoot = "";
			targets = (
				409CB05A1DD076CD001450EC /* iOS-Group4-Project */,
			);
		};
/* End PBXProject section */

/* Begin PBXResourcesBuildPhase section */
		409CB0591DD076CD001450EC /* Resources */ = {
			isa = PBXResourcesBuildPhase;
			buildActionMask = 2147483647;
			files = (
				3B2905851DD8587800F8BC53 /* Report.storyboard in Resources */,
				409CB0691DD076CD001450EC /* LaunchScreen.storyboard in Resources */,
				3B2905871DD8588500F8BC53 /* Setting.storyboard in Resources */,
				409CB0661DD076CD001450EC /* Assets.xcassets in Resources */,
				409CB0641DD076CD001450EC /* Main.storyboard in Resources */,
				3B46E0C01DDC891700EB6A82 /* Summary.storyboard in Resources */,
				3B0147B81DE1F18C006383DD /* Icons.xcassets in Resources */,
				3B46E0BD1DDC82AB00EB6A82 /* GoogleService-Info.plist in Resources */,
			);
			runOnlyForDeploymentPostprocessing = 0;
		};
/* End PBXResourcesBuildPhase section */

/* Begin PBXShellScriptBuildPhase section */
		629CBD52056DF3736F0D3CF0 /* [CP] Embed Pods Frameworks */ = {
			isa = PBXShellScriptBuildPhase;
			buildActionMask = 2147483647;
			files = (
			);
			inputPaths = (
			);
			name = "[CP] Embed Pods Frameworks";
			outputPaths = (
			);
			runOnlyForDeploymentPostprocessing = 0;
			shellPath = /bin/sh;
			shellScript = "\"${SRCROOT}/Pods/Target Support Files/Pods-iOS-Group4-Project/Pods-iOS-Group4-Project-frameworks.sh\"\n";
			showEnvVarsInLog = 0;
		};
		7FC85551E42E3B489BD13BD6 /* [CP] Check Pods Manifest.lock */ = {
			isa = PBXShellScriptBuildPhase;
			buildActionMask = 2147483647;
			files = (
			);
			inputPaths = (
			);
			name = "[CP] Check Pods Manifest.lock";
			outputPaths = (
			);
			runOnlyForDeploymentPostprocessing = 0;
			shellPath = /bin/sh;
			shellScript = "diff \"${PODS_ROOT}/../Podfile.lock\" \"${PODS_ROOT}/Manifest.lock\" > /dev/null\nif [[ $? != 0 ]] ; then\n    cat << EOM\nerror: The sandbox is not in sync with the Podfile.lock. Run 'pod install' or update your CocoaPods installation.\nEOM\n    exit 1\nfi\n";
			showEnvVarsInLog = 0;
		};
		D3C30BFA29E0409F9BE539A1 /* [CP] Copy Pods Resources */ = {
			isa = PBXShellScriptBuildPhase;
			buildActionMask = 2147483647;
			files = (
			);
			inputPaths = (
			);
			name = "[CP] Copy Pods Resources";
			outputPaths = (
			);
			runOnlyForDeploymentPostprocessing = 0;
			shellPath = /bin/sh;
			shellScript = "\"${SRCROOT}/Pods/Target Support Files/Pods-iOS-Group4-Project/Pods-iOS-Group4-Project-resources.sh\"\n";
			showEnvVarsInLog = 0;
		};
/* End PBXShellScriptBuildPhase section */

/* Begin PBXSourcesBuildPhase section */
		409CB0571DD076CD001450EC /* Sources */ = {
			isa = PBXSourcesBuildPhase;
			buildActionMask = 2147483647;
			files = (
				3B46D9DD1DE18E4F003DBCAE /* TransactionExpandCell.swift in Sources */,
				409CB0711DD076FC001450EC /* README.md in Sources */,
				409CB0611DD076CD001450EC /* LoginViewController.swift in Sources */,
				40153F451DDC563A0033D5BA /* Transaction.swift in Sources */,
				40153F4B1DDC614C0033D5BA /* AuthTypeEnum.swift in Sources */,
				40153F471DDC56450033D5BA /* User.swift in Sources */,
				409CB05F1DD076CD001450EC /* AppDelegate.swift in Sources */,
				3B46D9DB1DE18B46003DBCAE /* AddTransactionViewController.swift in Sources */,
				3B46D9D91DE18AD0003DBCAE /* TransactionCell.swift in Sources */,
				40153F491DDC565D0033D5BA /* Category.swift in Sources */,
			);
			runOnlyForDeploymentPostprocessing = 0;
		};
/* End PBXSourcesBuildPhase section */

/* Begin PBXVariantGroup section */
		409CB0621DD076CD001450EC /* Main.storyboard */ = {
			isa = PBXVariantGroup;
			children = (
				409CB0631DD076CD001450EC /* Base */,
			);
			name = Main.storyboard;
			sourceTree = "<group>";
		};
		409CB0671DD076CD001450EC /* LaunchScreen.storyboard */ = {
			isa = PBXVariantGroup;
			children = (
				409CB0681DD076CD001450EC /* Base */,
			);
			name = LaunchScreen.storyboard;
			sourceTree = "<group>";
		};
/* End PBXVariantGroup section */

/* Begin XCBuildConfiguration section */
		409CB06B1DD076CD001450EC /* Debug */ = {
			isa = XCBuildConfiguration;
			buildSettings = {
				ALWAYS_SEARCH_USER_PATHS = NO;
				CLANG_ANALYZER_NONNULL = YES;
				CLANG_CXX_LANGUAGE_STANDARD = "gnu++0x";
				CLANG_CXX_LIBRARY = "libc++";
				CLANG_ENABLE_MODULES = YES;
				CLANG_ENABLE_OBJC_ARC = YES;
				CLANG_WARN_BOOL_CONVERSION = YES;
				CLANG_WARN_CONSTANT_CONVERSION = YES;
				CLANG_WARN_DIRECT_OBJC_ISA_USAGE = YES_ERROR;
				CLANG_WARN_DOCUMENTATION_COMMENTS = YES;
				CLANG_WARN_EMPTY_BODY = YES;
				CLANG_WARN_ENUM_CONVERSION = YES;
				CLANG_WARN_INFINITE_RECURSION = YES;
				CLANG_WARN_INT_CONVERSION = YES;
				CLANG_WARN_OBJC_ROOT_CLASS = YES_ERROR;
				CLANG_WARN_SUSPICIOUS_MOVES = YES;
				CLANG_WARN_UNREACHABLE_CODE = YES;
				CLANG_WARN__DUPLICATE_METHOD_MATCH = YES;
				"CODE_SIGN_IDENTITY[sdk=iphoneos*]" = "iPhone Developer";
				COPY_PHASE_STRIP = NO;
				DEBUG_INFORMATION_FORMAT = dwarf;
				ENABLE_STRICT_OBJC_MSGSEND = YES;
				ENABLE_TESTABILITY = YES;
				GCC_C_LANGUAGE_STANDARD = gnu99;
				GCC_DYNAMIC_NO_PIC = NO;
				GCC_NO_COMMON_BLOCKS = YES;
				GCC_OPTIMIZATION_LEVEL = 0;
				GCC_PREPROCESSOR_DEFINITIONS = (
					"DEBUG=1",
					"$(inherited)",
				);
				GCC_WARN_64_TO_32_BIT_CONVERSION = YES;
				GCC_WARN_ABOUT_RETURN_TYPE = YES_ERROR;
				GCC_WARN_UNDECLARED_SELECTOR = YES;
				GCC_WARN_UNINITIALIZED_AUTOS = YES_AGGRESSIVE;
				GCC_WARN_UNUSED_FUNCTION = YES;
				GCC_WARN_UNUSED_VARIABLE = YES;
				IPHONEOS_DEPLOYMENT_TARGET = 10.0;
				MTL_ENABLE_DEBUG_INFO = YES;
				ONLY_ACTIVE_ARCH = YES;
				SDKROOT = iphoneos;
				SWIFT_ACTIVE_COMPILATION_CONDITIONS = DEBUG;
				SWIFT_OPTIMIZATION_LEVEL = "-Onone";
			};
			name = Debug;
		};
		409CB06C1DD076CD001450EC /* Release */ = {
			isa = XCBuildConfiguration;
			buildSettings = {
				ALWAYS_SEARCH_USER_PATHS = NO;
				CLANG_ANALYZER_NONNULL = YES;
				CLANG_CXX_LANGUAGE_STANDARD = "gnu++0x";
				CLANG_CXX_LIBRARY = "libc++";
				CLANG_ENABLE_MODULES = YES;
				CLANG_ENABLE_OBJC_ARC = YES;
				CLANG_WARN_BOOL_CONVERSION = YES;
				CLANG_WARN_CONSTANT_CONVERSION = YES;
				CLANG_WARN_DIRECT_OBJC_ISA_USAGE = YES_ERROR;
				CLANG_WARN_DOCUMENTATION_COMMENTS = YES;
				CLANG_WARN_EMPTY_BODY = YES;
				CLANG_WARN_ENUM_CONVERSION = YES;
				CLANG_WARN_INFINITE_RECURSION = YES;
				CLANG_WARN_INT_CONVERSION = YES;
				CLANG_WARN_OBJC_ROOT_CLASS = YES_ERROR;
				CLANG_WARN_SUSPICIOUS_MOVES = YES;
				CLANG_WARN_UNREACHABLE_CODE = YES;
				CLANG_WARN__DUPLICATE_METHOD_MATCH = YES;
				"CODE_SIGN_IDENTITY[sdk=iphoneos*]" = "iPhone Developer";
				COPY_PHASE_STRIP = NO;
				DEBUG_INFORMATION_FORMAT = "dwarf-with-dsym";
				ENABLE_NS_ASSERTIONS = NO;
				ENABLE_STRICT_OBJC_MSGSEND = YES;
				GCC_C_LANGUAGE_STANDARD = gnu99;
				GCC_NO_COMMON_BLOCKS = YES;
				GCC_WARN_64_TO_32_BIT_CONVERSION = YES;
				GCC_WARN_ABOUT_RETURN_TYPE = YES_ERROR;
				GCC_WARN_UNDECLARED_SELECTOR = YES;
				GCC_WARN_UNINITIALIZED_AUTOS = YES_AGGRESSIVE;
				GCC_WARN_UNUSED_FUNCTION = YES;
				GCC_WARN_UNUSED_VARIABLE = YES;
				IPHONEOS_DEPLOYMENT_TARGET = 10.0;
				MTL_ENABLE_DEBUG_INFO = NO;
				SDKROOT = iphoneos;
				SWIFT_OPTIMIZATION_LEVEL = "-Owholemodule";
				VALIDATE_PRODUCT = YES;
			};
			name = Release;
		};
		409CB06E1DD076CD001450EC /* Debug */ = {
			isa = XCBuildConfiguration;
			baseConfigurationReference = 1580A7DF585C8B96DF34A71A /* Pods-iOS-Group4-Project.debug.xcconfig */;
			buildSettings = {
				ASSETCATALOG_COMPILER_APPICON_NAME = AppIcon;
				CODE_SIGN_ENTITLEMENTS = "iOS-Group4-Project/iOS-Group4-Project.entitlements";
				DEVELOPMENT_TEAM = 3T8LL4VJ83;
				INFOPLIST_FILE = "iOS-Group4-Project/Info.plist";
				LD_RUNPATH_SEARCH_PATHS = "$(inherited) @executable_path/Frameworks";
				PRODUCT_BUNDLE_IDENTIFIER = com.DucMinh.app.myMoney;
				PRODUCT_NAME = "$(TARGET_NAME)";
				SWIFT_VERSION = 3.0;
			};
			name = Debug;
		};
		409CB06F1DD076CD001450EC /* Release */ = {
			isa = XCBuildConfiguration;
			baseConfigurationReference = B7DFE1F32B26A09991CCB56A /* Pods-iOS-Group4-Project.release.xcconfig */;
			buildSettings = {
				ASSETCATALOG_COMPILER_APPICON_NAME = AppIcon;
				CODE_SIGN_ENTITLEMENTS = "iOS-Group4-Project/iOS-Group4-Project.entitlements";
				DEVELOPMENT_TEAM = 3T8LL4VJ83;
				INFOPLIST_FILE = "iOS-Group4-Project/Info.plist";
				LD_RUNPATH_SEARCH_PATHS = "$(inherited) @executable_path/Frameworks";
				PRODUCT_BUNDLE_IDENTIFIER = com.DucMinh.app.myMoney;
				PRODUCT_NAME = "$(TARGET_NAME)";
				SWIFT_VERSION = 3.0;
			};
			name = Release;
		};
/* End XCBuildConfiguration section */

/* Begin XCConfigurationList section */
		409CB0561DD076CD001450EC /* Build configuration list for PBXProject "iOS-Group4-Project" */ = {
			isa = XCConfigurationList;
			buildConfigurations = (
				409CB06B1DD076CD001450EC /* Debug */,
				409CB06C1DD076CD001450EC /* Release */,
			);
			defaultConfigurationIsVisible = 0;
			defaultConfigurationName = Release;
		};
		409CB06D1DD076CD001450EC /* Build configuration list for PBXNativeTarget "iOS-Group4-Project" */ = {
			isa = XCConfigurationList;
			buildConfigurations = (
				409CB06E1DD076CD001450EC /* Debug */,
				409CB06F1DD076CD001450EC /* Release */,
			);
			defaultConfigurationIsVisible = 0;
			defaultConfigurationName = Release;
		};
/* End XCConfigurationList section */
	};
	rootObject = 409CB0531DD076CD001450EC /* Project object */;
}
